Microsoft Visual Studio Solution File, Format Version 13.00
# Visual Studio 2013
Project("{2150E333-8FDC-42A3-9474-1A3956D46DE8}") = "(allocator)", "..\..\..\base\allocator", "{6478B9F3-4858-63F4-35F4-98A303E305F3}"
EndProject
Project("{2150E333-8FDC-42A3-9474-1A3956D46DE8}") = "(base)", "..\..\..\base", "{9785FB75-982A-5DE3-252D-3F288B9FEF5B}"
EndProject
Project("{2150E333-8FDC-42A3-9474-1A3956D46DE8}") = "(perf)", "..\..\..\testing\perf", "{B78937F7-CB7D-D8C8-CF0A-31CB954857B9}"
EndProject
Project("{2150E333-8FDC-42A3-9474-1A3956D46DE8}") = "(testing)", "..\..\..\testing", "{EAC80D00-01D2-3F49-A377-20B7154947F3}"
EndProject
Project("{2150E333-8FDC-42A3-9474-1A3956D46DE8}") = "(third_party)", "..\..\..\base\third_party", "{3E7FA5AF-27B3-2DE0-883C-12F98E7F4E81}"
EndProject
Project("{2150E333-8FDC-42A3-9474-1A3956D46DE8}") = "(third_party)", "..\..\..\third_party", "{89C816A7-DD31-D54C-C69C-5A80E0C49B77}"
EndProject
Project("{8BC9CEB8-8B4A-11D0-8D11-00A0C91BC942}") = "allocator_extension_thunks", "..\..\base\allocator\allocator_extension_thunks.vcxproj", "{ADFCFAA1-8E41-3EC2-78BA-BEEA40CD709D}"
EndProject
Project("{8BC9CEB8-8B4A-11D0-8D11-00A0C91BC942}") = "base", "..\..\base\base.vcxproj", "{90212969-5D98-5C5D-8EA3-9CC963DFCB99}"
EndProject
Project("{8BC9CEB8-8B4A-11D0-8D11-00A0C91BC942}") = "base_static", "..\..\base\base_static.vcxproj", "{AB3B8758-4B76-38B4-631D-E303348D0CD0}"
EndProject
Project("{8BC9CEB8-8B4A-11D0-8D11-00A0C91BC942}") = "dynamic_annotations", "..\..\base\third_party\dynamic_annotations\dynamic_annotations.vcxproj", "{0CF9AF63-BF02-ACCD-BD2B-ABAAEE427B5C}"
EndProject
Project("{8BC9CEB8-8B4A-11D0-8D11-00A0C91BC942}") = "gtest_prod", "..\gtest_prod.vcxproj", "{B7C19714-3F72-092A-84BE-A36E6B38AA90}"
EndProject
Project("{8BC9CEB8-8B4A-11D0-8D11-00A0C91BC942}") = "modp_b64", "..\..\third_party\modp_b64\modp_b64.vcxproj", "{B333EC89-4A35-1913-A7D2-509B6FF0151A}"
EndProject
Project("{8BC9CEB8-8B4A-11D0-8D11-00A0C91BC942}") = "perf_test", "perf_test.vcxproj", "{31A6547D-8530-AC90-8117-74B12B0701BB}"
EndProject
Global
	GlobalSection(SolutionConfigurationPlatforms) = preSolution
		Debug|x64 = Debug|x64
		Debug|Win32 = Debug|Win32
		Release|x64 = Release|x64
		Release|Win32 = Release|Win32
	EndGlobalSection
	GlobalSection(ProjectConfigurationPlatforms) = postSolution
		{0CF9AF63-BF02-ACCD-BD2B-ABAAEE427B5C}.Debug|x64.ActiveCfg = Debug|x64
		{0CF9AF63-BF02-ACCD-BD2B-ABAAEE427B5C}.Debug|x64.Build.0 = Debug|x64
		{0CF9AF63-BF02-ACCD-BD2B-ABAAEE427B5C}.Debug|Win32.ActiveCfg = Debug|Win32
		{0CF9AF63-BF02-ACCD-BD2B-ABAAEE427B5C}.Debug|Win32.Build.0 = Debug|Win32
		{0CF9AF63-BF02-ACCD-BD2B-ABAAEE427B5C}.Release|x64.ActiveCfg = Release|x64
		{0CF9AF63-BF02-ACCD-BD2B-ABAAEE427B5C}.Release|x64.Build.0 = Release|x64
		{0CF9AF63-BF02-ACCD-BD2B-ABAAEE427B5C}.Release|Win32.ActiveCfg = Release|Win32
		{0CF9AF63-BF02-ACCD-BD2B-ABAAEE427B5C}.Release|Win32.Build.0 = Release|Win32
		{31A6547D-8530-AC90-8117-74B12B0701BB}.Debug|x64.ActiveCfg = Debug|x64
		{31A6547D-8530-AC90-8117-74B12B0701BB}.Debug|x64.Build.0 = Debug|x64
		{31A6547D-8530-AC90-8117-74B12B0701BB}.Debug|Win32.ActiveCfg = Debug|Win32
		{31A6547D-8530-AC90-8117-74B12B0701BB}.Debug|Win32.Build.0 = Debug|Win32
		{31A6547D-8530-AC90-8117-74B12B0701BB}.Release|x64.ActiveCfg = Release|x64
		{31A6547D-8530-AC90-8117-74B12B0701BB}.Release|x64.Build.0 = Release|x64
		{31A6547D-8530-AC90-8117-74B12B0701BB}.Release|Win32.ActiveCfg = Release|Win32
		{31A6547D-8530-AC90-8117-74B12B0701BB}.Release|Win32.Build.0 = Release|Win32
		{90212969-5D98-5C5D-8EA3-9CC963DFCB99}.Debug|x64.ActiveCfg = Debug|x64
		{90212969-5D98-5C5D-8EA3-9CC963DFCB99}.Debug|x64.Build.0 = Debug|x64
		{90212969-5D98-5C5D-8EA3-9CC963DFCB99}.Debug|Win32.ActiveCfg = Debug|Win32
		{90212969-5D98-5C5D-8EA3-9CC963DFCB99}.Debug|Win32.Build.0 = Debug|Win32
		{90212969-5D98-5C5D-8EA3-9CC963DFCB99}.Release|x64.ActiveCfg = Release|x64
		{90212969-5D98-5C5D-8EA3-9CC963DFCB99}.Release|x64.Build.0 = Release|x64
		{90212969-5D98-5C5D-8EA3-9CC963DFCB99}.Release|Win32.ActiveCfg = Release|Win32
		{90212969-5D98-5C5D-8EA3-9CC963DFCB99}.Release|Win32.Build.0 = Release|Win32
		{AB3B8758-4B76-38B4-631D-E303348D0CD0}.Debug|x64.ActiveCfg = Debug|x64
		{AB3B8758-4B76-38B4-631D-E303348D0CD0}.Debug|x64.Build.0 = Debug|x64
		{AB3B8758-4B76-38B4-631D-E303348D0CD0}.Debug|Win32.ActiveCfg = Debug|Win32
		{AB3B8758-4B76-38B4-631D-E303348D0CD0}.Debug|Win32.Build.0 = Debug|Win32
		{AB3B8758-4B76-38B4-631D-E303348D0CD0}.Release|x64.ActiveCfg = Release|x64
		{AB3B8758-4B76-38B4-631D-E303348D0CD0}.Release|x64.Build.0 = Release|x64
		{AB3B8758-4B76-38B4-631D-E303348D0CD0}.Release|Win32.ActiveCfg = Release|Win32
		{AB3B8758-4B76-38B4-631D-E303348D0CD0}.Release|Win32.Build.0 = Release|Win32
		{ADFCFAA1-8E41-3EC2-78BA-BEEA40CD709D}.Debug|x64.ActiveCfg = Debug|x64
		{ADFCFAA1-8E41-3EC2-78BA-BEEA40CD709D}.Debug|x64.Build.0 = Debug|x64
		{ADFCFAA1-8E41-3EC2-78BA-BEEA40CD709D}.Debug|Win32.ActiveCfg = Debug|Win32
		{ADFCFAA1-8E41-3EC2-78BA-BEEA40CD709D}.Debug|Win32.Build.0 = Debug|Win32
		{ADFCFAA1-8E41-3EC2-78BA-BEEA40CD709D}.Release|x64.ActiveCfg = Release|x64
		{ADFCFAA1-8E41-3EC2-78BA-BEEA40CD709D}.Release|x64.Build.0 = Release|x64
		{ADFCFAA1-8E41-3EC2-78BA-BEEA40CD709D}.Release|Win32.ActiveCfg = Release|Win32
		{ADFCFAA1-8E41-3EC2-78BA-BEEA40CD709D}.Release|Win32.Build.0 = Release|Win32
		{B333EC89-4A35-1913-A7D2-509B6FF0151A}.Debug|x64.ActiveCfg = Debug|x64
		{B333EC89-4A35-1913-A7D2-509B6FF0151A}.Debug|x64.Build.0 = Debug|x64
		{B333EC89-4A35-1913-A7D2-509B6FF0151A}.Debug|Win32.ActiveCfg = Debug|Win32
		{B333EC89-4A35-1913-A7D2-509B6FF0151A}.Debug|Win32.Build.0 = Debug|Win32
		{B333EC89-4A35-1913-A7D2-509B6FF0151A}.Release|x64.ActiveCfg = Release|x64
		{B333EC89-4A35-1913-A7D2-509B6FF0151A}.Release|x64.Build.0 = Release|x64
		{B333EC89-4A35-1913-A7D2-509B6FF0151A}.Release|Win32.ActiveCfg = Release|Win32
		{B333EC89-4A35-1913-A7D2-509B6FF0151A}.Release|Win32.Build.0 = Release|Win32
		{B7C19714-3F72-092A-84BE-A36E6B38AA90}.Debug|x64.ActiveCfg = Debug|x64
		{B7C19714-3F72-092A-84BE-A36E6B38AA90}.Debug|x64.Build.0 = Debug|x64
		{B7C19714-3F72-092A-84BE-A36E6B38AA90}.Debug|Win32.ActiveCfg = Debug|Win32
		{B7C19714-3F72-092A-84BE-A36E6B38AA90}.Debug|Win32.Build.0 = Debug|Win32
		{B7C19714-3F72-092A-84BE-A36E6B38AA90}.Release|x64.ActiveCfg = Release|x64
		{B7C19714-3F72-092A-84BE-A36E6B38AA90}.Release|x64.Build.0 = Release|x64
		{B7C19714-3F72-092A-84BE-A36E6B38AA90}.Release|Win32.ActiveCfg = Release|Win32
		{B7C19714-3F72-092A-84BE-A36E6B38AA90}.Release|Win32.Build.0 = Release|Win32
	EndGlobalSection
	GlobalSection(SolutionProperties) = preSolution
		HideSolutionNode = FALSE
	EndGlobalSection
	GlobalSection(NestedProjects) = preSolution
		{ADFCFAA1-8E41-3EC2-78BA-BEEA40CD709D} = {6478B9F3-4858-63F4-35F4-98A303E305F3}
		{6478B9F3-4858-63F4-35F4-98A303E305F3} = {9785FB75-982A-5DE3-252D-3F288B9FEF5B}
		{3E7FA5AF-27B3-2DE0-883C-12F98E7F4E81} = {9785FB75-982A-5DE3-252D-3F288B9FEF5B}
		{90212969-5D98-5C5D-8EA3-9CC963DFCB99} = {9785FB75-982A-5DE3-252D-3F288B9FEF5B}
		{AB3B8758-4B76-38B4-631D-E303348D0CD0} = {9785FB75-982A-5DE3-252D-3F288B9FEF5B}
		{31A6547D-8530-AC90-8117-74B12B0701BB} = {B78937F7-CB7D-D8C8-CF0A-31CB954857B9}
		{B78937F7-CB7D-D8C8-CF0A-31CB954857B9} = {EAC80D00-01D2-3F49-A377-20B7154947F3}
		{B7C19714-3F72-092A-84BE-A36E6B38AA90} = {EAC80D00-01D2-3F49-A377-20B7154947F3}
		{0CF9AF63-BF02-ACCD-BD2B-ABAAEE427B5C} = {3E7FA5AF-27B3-2DE0-883C-12F98E7F4E81}
		{B333EC89-4A35-1913-A7D2-509B6FF0151A} = {89C816A7-DD31-D54C-C69C-5A80E0C49B77}
	EndGlobalSection
EndGlobal
